
Microsoft Visual Studio Solution File, Format Version 12.00
# Visual Studio Version 16
VisualStudioVersion = 16.0.28803.452
MinimumVisualStudioVersion = 10.0.40219.1
Project("{FAE04EC0-301F-11D3-BF4B-00C04F79EFBC}") = "WebTest1-Nazareno", "WebTest1-Nazareno\WebTest1-Nazareno.csproj", "{7FCBAA42-F70E-47A3-9F3C-F505E1A53E7E}"
EndProject
Project("{FAE04EC0-301F-11D3-BF4B-00C04F79EFBC}") = "Domain", "Domain\Domain.csproj", "{924FF68F-E207-4122-B30B-5CC694589870}"
EndProject
Global
	GlobalSection(SolutionConfigurationPlatforms) = preSolution
		Debug|Any CPU = Debug|Any CPU
		Release|Any CPU = Release|Any CPU
	EndGlobalSection
	GlobalSection(ProjectConfigurationPlatforms) = postSolution
		{7FCBAA42-F70E-47A3-9F3C-F505E1A53E7E}.Debug|Any CPU.ActiveCfg = Debug|Any CPU
		{7FCBAA42-F70E-47A3-9F3C-F505E1A53E7E}.Debug|Any CPU.Build.0 = Debug|Any CPU
		{7FCBAA42-F70E-47A3-9F3C-F505E1A53E7E}.Release|Any CPU.ActiveCfg = Release|Any CPU
		{7FCBAA42-F70E-47A3-9F3C-F505E1A53E7E}.Release|Any CPU.Build.0 = Release|Any CPU
		{924FF68F-E207-4122-B30B-5CC694589870}.Debug|Any CPU.ActiveCfg = Debug|Any CPU
		{924FF68F-E207-4122-B30B-5CC694589870}.Debug|Any CPU.Build.0 = Debug|Any CPU
		{924FF68F-E207-4122-B30B-5CC694589870}.Release|Any CPU.ActiveCfg = Release|Any CPU
		{924FF68F-E207-4122-B30B-5CC694589870}.Release|Any CPU.Build.0 = Release|Any CPU
	EndGlobalSection
	GlobalSection(SolutionProperties) = preSolution
		HideSolutionNode = FALSE
	EndGlobalSection
	GlobalSection(ExtensibilityGlobals) = postSolution
		SolutionGuid = {9FF5D499-9C7B-4F08-ACBE-0542542BD25A}
	EndGlobalSection
EndGlobal
